
Microsoft Visual Studio Solution File, Format Version 12.00
# Visual Studio 15
VisualStudioVersion = 15.0.27428.2015
MinimumVisualStudioVersion = 10.0.40219.1
Project("{FAE04EC0-301F-11D3-BF4B-00C04F79EFBC}") = "pila connumerosingresados por el usuario", "pila connumerosingresados por el usuario\pila connumerosingresados por el usuario.csproj", "{7D472AC5-B4DD-4F28-833A-0B4390EE769C}"
EndProject
Global
	GlobalSection(SolutionConfigurationPlatforms) = preSolution
		Debug|Any CPU = Debug|Any CPU
		Release|Any CPU = Release|Any CPU
	EndGlobalSection
	GlobalSection(ProjectConfigurationPlatforms) = postSolution
		{7D472AC5-B4DD-4F28-833A-0B4390EE769C}.Debug|Any CPU.ActiveCfg = Debug|Any CPU
		{7D472AC5-B4DD-4F28-833A-0B4390EE769C}.Debug|Any CPU.Build.0 = Debug|Any CPU
		{7D472AC5-B4DD-4F28-833A-0B4390EE769C}.Release|Any CPU.ActiveCfg = Release|Any CPU
		{7D472AC5-B4DD-4F28-833A-0B4390EE769C}.Release|Any CPU.Build.0 = Release|Any CPU
	EndGlobalSection
	GlobalSection(SolutionProperties) = preSolution
		HideSolutionNode = FALSE
	EndGlobalSection
	GlobalSection(ExtensibilityGlobals) = postSolution
		SolutionGuid = {46E27AD1-8828-404C-B7CD-B0F6C15C6171}
	EndGlobalSection
EndGlobal
